// !$*UTF8*$!
{
	archiveVersion = 1;
	classes = {
	};
	objectVersion = 52;
	objects = {

/* Begin PBXBuildFile section */
		84392BA726174F2A00CE21D2 /* WebApi.swift in Sources */ = {isa = PBXBuildFile; fileRef = 84392BA626174F2A00CE21D2 /* WebApi.swift */; };
		84392BAA2617582300CE21D2 /* RepositoryMock.swift in Sources */ = {isa = PBXBuildFile; fileRef = 84392BA92617582300CE21D2 /* RepositoryMock.swift */; };
		84392BAD2617584F00CE21D2 /* RepositoryProtocol.swift in Sources */ = {isa = PBXBuildFile; fileRef = 84392BAC2617584F00CE21D2 /* RepositoryProtocol.swift */; };
		84392BB026175FF100CE21D2 /* EventExpandedItem.swift in Sources */ = {isa = PBXBuildFile; fileRef = 84392BAF26175FF100CE21D2 /* EventExpandedItem.swift */; };
		84392BB42617693100CE21D2 /* EventItem.swift in Sources */ = {isa = PBXBuildFile; fileRef = 84392BB32617693100CE21D2 /* EventItem.swift */; };
		84392BB72617A19700CE21D2 /* GalleryItem.swift in Sources */ = {isa = PBXBuildFile; fileRef = 84392BB62617A19700CE21D2 /* GalleryItem.swift */; };
		84392BBE2617AC9700CE21D2 /* LocalDatabase.swift in Sources */ = {isa = PBXBuildFile; fileRef = 84392BBD2617AC9700CE21D2 /* LocalDatabase.swift */; };
		84392BC32617C23900CE21D2 /* SQLite in Frameworks */ = {isa = PBXBuildFile; productRef = 84392BC22617C23900CE21D2 /* SQLite */; };
		84C3B5E12615FEFE0055539F /* ios_appApp.swift in Sources */ = {isa = PBXBuildFile; fileRef = 84C3B5E02615FEFE0055539F /* ios_appApp.swift */; };
		84C3B5E32615FEFE0055539F /* ContentView.swift in Sources */ = {isa = PBXBuildFile; fileRef = 84C3B5E22615FEFE0055539F /* ContentView.swift */; };
		84C3B5E52615FEFE0055539F /* Assets.xcassets in Resources */ = {isa = PBXBuildFile; fileRef = 84C3B5E42615FEFE0055539F /* Assets.xcassets */; };
		84C3B5E82615FEFE0055539F /* Preview Assets.xcassets in Resources */ = {isa = PBXBuildFile; fileRef = 84C3B5E72615FEFE0055539F /* Preview Assets.xcassets */; };
		84C3B5F3261600190055539F /* TabsView.swift in Sources */ = {isa = PBXBuildFile; fileRef = 84C3B5F2261600190055539F /* TabsView.swift */; };
		84C3B5F7261606360055539F /* EventsPage.swift in Sources */ = {isa = PBXBuildFile; fileRef = 84C3B5F6261606360055539F /* EventsPage.swift */; };
		84C3B5FD261606AF0055539F /* MessagesPage.swift in Sources */ = {isa = PBXBuildFile; fileRef = 84C3B5FC261606AF0055539F /* MessagesPage.swift */; };
		84C3B601261607030055539F /* DepartmentPage.swift in Sources */ = {isa = PBXBuildFile; fileRef = 84C3B600261607030055539F /* DepartmentPage.swift */; };
		84C3B6052616072D0055539F /* TimelinePage.swift in Sources */ = {isa = PBXBuildFile; fileRef = 84C3B6042616072D0055539F /* TimelinePage.swift */; };
		84C3B60926160D410055539F /* Repository.swift in Sources */ = {isa = PBXBuildFile; fileRef = 84C3B60826160D410055539F /* Repository.swift */; };
		84C3B60D26160DC00055539F /* Event.swift in Sources */ = {isa = PBXBuildFile; fileRef = 84C3B60C26160DC00055539F /* Event.swift */; };
		84C3B618261623FE0055539F /* SDWebImageSwiftUI in Frameworks */ = {isa = PBXBuildFile; productRef = 84C3B617261623FE0055539F /* SDWebImageSwiftUI */; };
		84C3B61D261641220055539F /* URLImage in Frameworks */ = {isa = PBXBuildFile; productRef = 84C3B61C261641220055539F /* URLImage */; };
		84C3B62126164D240055539F /* EventCollapsedItem.swift in Sources */ = {isa = PBXBuildFile; fileRef = 84C3B62026164D240055539F /* EventCollapsedItem.swift */; };
/* End PBXBuildFile section */

/* Begin PBXFileReference section */
		84392BA626174F2A00CE21D2 /* WebApi.swift */ = {isa = PBXFileReference; lastKnownFileType = sourcecode.swift; path = WebApi.swift; sourceTree = "<group>"; };
		84392BA92617582300CE21D2 /* RepositoryMock.swift */ = {isa = PBXFileReference; lastKnownFileType = sourcecode.swift; path = RepositoryMock.swift; sourceTree = "<group>"; };
		84392BAC2617584F00CE21D2 /* RepositoryProtocol.swift */ = {isa = PBXFileReference; lastKnownFileType = sourcecode.swift; path = RepositoryProtocol.swift; sourceTree = "<group>"; };
		84392BAF26175FF100CE21D2 /* EventExpandedItem.swift */ = {isa = PBXFileReference; lastKnownFileType = sourcecode.swift; path = EventExpandedItem.swift; sourceTree = "<group>"; };
		84392BB32617693100CE21D2 /* EventItem.swift */ = {isa = PBXFileReference; lastKnownFileType = sourcecode.swift; path = EventItem.swift; sourceTree = "<group>"; };
		84392BB62617A19700CE21D2 /* GalleryItem.swift */ = {isa = PBXFileReference; lastKnownFileType = sourcecode.swift; path = GalleryItem.swift; sourceTree = "<group>"; };
		84392BBD2617AC9700CE21D2 /* LocalDatabase.swift */ = {isa = PBXFileReference; lastKnownFileType = sourcecode.swift; path = LocalDatabase.swift; sourceTree = "<group>"; };
		84C3B5DD2615FEFE0055539F /* ios-app.app */ = {isa = PBXFileReference; explicitFileType = wrapper.application; includeInIndex = 0; path = "ios-app.app"; sourceTree = BUILT_PRODUCTS_DIR; };
		84C3B5E02615FEFE0055539F /* ios_appApp.swift */ = {isa = PBXFileReference; lastKnownFileType = sourcecode.swift; path = ios_appApp.swift; sourceTree = "<group>"; };
		84C3B5E22615FEFE0055539F /* ContentView.swift */ = {isa = PBXFileReference; lastKnownFileType = sourcecode.swift; path = ContentView.swift; sourceTree = "<group>"; };
		84C3B5E42615FEFE0055539F /* Assets.xcassets */ = {isa = PBXFileReference; lastKnownFileType = folder.assetcatalog; path = Assets.xcassets; sourceTree = "<group>"; };
		84C3B5E72615FEFE0055539F /* Preview Assets.xcassets */ = {isa = PBXFileReference; lastKnownFileType = folder.assetcatalog; path = "Preview Assets.xcassets"; sourceTree = "<group>"; };
		84C3B5E92615FEFE0055539F /* Info.plist */ = {isa = PBXFileReference; lastKnownFileType = text.plist.xml; path = Info.plist; sourceTree = "<group>"; };
		84C3B5F2261600190055539F /* TabsView.swift */ = {isa = PBXFileReference; lastKnownFileType = sourcecode.swift; path = TabsView.swift; sourceTree = "<group>"; };
		84C3B5F6261606360055539F /* EventsPage.swift */ = {isa = PBXFileReference; lastKnownFileType = sourcecode.swift; path = EventsPage.swift; sourceTree = "<group>"; };
		84C3B5FC261606AF0055539F /* MessagesPage.swift */ = {isa = PBXFileReference; lastKnownFileType = sourcecode.swift; path = MessagesPage.swift; sourceTree = "<group>"; };
		84C3B600261607030055539F /* DepartmentPage.swift */ = {isa = PBXFileReference; lastKnownFileType = sourcecode.swift; path = DepartmentPage.swift; sourceTree = "<group>"; };
		84C3B6042616072D0055539F /* TimelinePage.swift */ = {isa = PBXFileReference; lastKnownFileType = sourcecode.swift; path = TimelinePage.swift; sourceTree = "<group>"; };
		84C3B60826160D410055539F /* Repository.swift */ = {isa = PBXFileReference; lastKnownFileType = sourcecode.swift; path = Repository.swift; sourceTree = "<group>"; };
		84C3B60C26160DC00055539F /* Event.swift */ = {isa = PBXFileReference; lastKnownFileType = sourcecode.swift; path = Event.swift; sourceTree = "<group>"; };
		84C3B62026164D240055539F /* EventCollapsedItem.swift */ = {isa = PBXFileReference; lastKnownFileType = sourcecode.swift; path = EventCollapsedItem.swift; sourceTree = "<group>"; };
/* End PBXFileReference section */

/* Begin PBXFrameworksBuildPhase section */
		84C3B5DA2615FEFE0055539F /* Frameworks */ = {
			isa = PBXFrameworksBuildPhase;
			buildActionMask = 2147483647;
			files = (
				84392BC32617C23900CE21D2 /* SQLite in Frameworks */,
				84C3B61D261641220055539F /* URLImage in Frameworks */,
				84C3B618261623FE0055539F /* SDWebImageSwiftUI in Frameworks */,
			);
			runOnlyForDeploymentPostprocessing = 0;
		};
/* End PBXFrameworksBuildPhase section */

/* Begin PBXGroup section */
		84C3B5D42615FEFE0055539F = {
			isa = PBXGroup;
			children = (
				84C3B5DF2615FEFE0055539F /* ios-app */,
				84C3B5DE2615FEFE0055539F /* Products */,
			);
			sourceTree = "<group>";
		};
		84C3B5DE2615FEFE0055539F /* Products */ = {
			isa = PBXGroup;
			children = (
				84C3B5DD2615FEFE0055539F /* ios-app.app */,
			);
			name = Products;
			sourceTree = "<group>";
		};
		84C3B5DF2615FEFE0055539F /* ios-app */ = {
			isa = PBXGroup;
			children = (
				84C3B60B26160DB40055539F /* Model */,
				84C3B60726160D310055539F /* Repository */,
				84C3B603261607130055539F /* Timeline Page */,
				84C3B5FF261606EB0055539F /* Department Page */,
				84C3B5F9261606590055539F /* Messages Page */,
				84C3B5F52616061F0055539F /* Events Page */,
				84C3B5F12615FFE70055539F /* Tabs */,
				84C3B5E02615FEFE0055539F /* ios_appApp.swift */,
				84C3B5E22615FEFE0055539F /* ContentView.swift */,
				84C3B5E42615FEFE0055539F /* Assets.xcassets */,
				84C3B5E92615FEFE0055539F /* Info.plist */,
				84C3B5E62615FEFE0055539F /* Preview Content */,
			);
			path = "ios-app";
			sourceTree = "<group>";
		};
		84C3B5E62615FEFE0055539F /* Preview Content */ = {
			isa = PBXGroup;
			children = (
				84C3B5E72615FEFE0055539F /* Preview Assets.xcassets */,
			);
			path = "Preview Content";
			sourceTree = "<group>";
		};
		84C3B5F12615FFE70055539F /* Tabs */ = {
			isa = PBXGroup;
			children = (
				84C3B5F2261600190055539F /* TabsView.swift */,
			);
			path = Tabs;
			sourceTree = "<group>";
		};
		84C3B5F52616061F0055539F /* Events Page */ = {
			isa = PBXGroup;
			children = (
				84C3B5F6261606360055539F /* EventsPage.swift */,
				84C3B62026164D240055539F /* EventCollapsedItem.swift */,
				84392BAF26175FF100CE21D2 /* EventExpandedItem.swift */,
				84392BB32617693100CE21D2 /* EventItem.swift */,
				84392BB62617A19700CE21D2 /* GalleryItem.swift */,
			);
			path = "Events Page";
			sourceTree = "<group>";
		};
		84C3B5F9261606590055539F /* Messages Page */ = {
			isa = PBXGroup;
			children = (
				84C3B5FC261606AF0055539F /* MessagesPage.swift */,
			);
			path = "Messages Page";
			sourceTree = "<group>";
		};
		84C3B5FF261606EB0055539F /* Department Page */ = {
			isa = PBXGroup;
			children = (
				84C3B600261607030055539F /* DepartmentPage.swift */,
			);
			path = "Department Page";
			sourceTree = "<group>";
		};
		84C3B603261607130055539F /* Timeline Page */ = {
			isa = PBXGroup;
			children = (
				84C3B6042616072D0055539F /* TimelinePage.swift */,
			);
			path = "Timeline Page";
			sourceTree = "<group>";
		};
		84C3B60726160D310055539F /* Repository */ = {
			isa = PBXGroup;
			children = (
				84C3B60826160D410055539F /* Repository.swift */,
				84392BA626174F2A00CE21D2 /* WebApi.swift */,
				84392BA92617582300CE21D2 /* RepositoryMock.swift */,
				84392BAC2617584F00CE21D2 /* RepositoryProtocol.swift */,
				84392BBD2617AC9700CE21D2 /* LocalDatabase.swift */,
			);
			path = Repository;
			sourceTree = "<group>";
		};
		84C3B60B26160DB40055539F /* Model */ = {
			isa = PBXGroup;
			children = (
				84C3B60C26160DC00055539F /* Event.swift */,
			);
			path = Model;
			sourceTree = "<group>";
		};
/* End PBXGroup section */

/* Begin PBXNativeTarget section */
		84C3B5DC2615FEFE0055539F /* ios-app */ = {
			isa = PBXNativeTarget;
			buildConfigurationList = 84C3B5EC2615FEFE0055539F /* Build configuration list for PBXNativeTarget "ios-app" */;
			buildPhases = (
				84C3B5D92615FEFE0055539F /* Sources */,
				84C3B5DA2615FEFE0055539F /* Frameworks */,
				84C3B5DB2615FEFE0055539F /* Resources */,
			);
			buildRules = (
			);
			dependencies = (
			);
			name = "ios-app";
			packageProductDependencies = (
				84C3B617261623FE0055539F /* SDWebImageSwiftUI */,
				84C3B61C261641220055539F /* URLImage */,
				84392BC22617C23900CE21D2 /* SQLite */,
			);
			productName = "ios-app";
			productReference = 84C3B5DD2615FEFE0055539F /* ios-app.app */;
			productType = "com.apple.product-type.application";
		};
/* End PBXNativeTarget section */

/* Begin PBXProject section */
		84C3B5D52615FEFE0055539F /* Project object */ = {
			isa = PBXProject;
			attributes = {
				LastSwiftUpdateCheck = 1240;
				LastUpgradeCheck = 1240;
				TargetAttributes = {
					84C3B5DC2615FEFE0055539F = {
						CreatedOnToolsVersion = 12.4;
					};
				};
			};
			buildConfigurationList = 84C3B5D82615FEFE0055539F /* Build configuration list for PBXProject "ios-app" */;
			compatibilityVersion = "Xcode 9.3";
			developmentRegion = en;
			hasScannedForEncodings = 0;
			knownRegions = (
				en,
				Base,
			);
			mainGroup = 84C3B5D42615FEFE0055539F;
			packageReferences = (
				84C3B616261623FE0055539F /* XCRemoteSwiftPackageReference "SDWebImageSwiftUI" */,
				84C3B61B261641220055539F /* XCRemoteSwiftPackageReference "url-image" */,
				84392BC12617C23900CE21D2 /* XCRemoteSwiftPackageReference "SQLite.swift" */,
			);
			productRefGroup = 84C3B5DE2615FEFE0055539F /* Products */;
			projectDirPath = "";
			projectRoot = "";
			targets = (
				84C3B5DC2615FEFE0055539F /* ios-app */,
			);
		};
/* End PBXProject section */

/* Begin PBXResourcesBuildPhase section */
		84C3B5DB2615FEFE0055539F /* Resources */ = {
			isa = PBXResourcesBuildPhase;
			buildActionMask = 2147483647;
			files = (
				84C3B5E82615FEFE0055539F /* Preview Assets.xcassets in Resources */,
				84C3B5E52615FEFE0055539F /* Assets.xcassets in Resources */,
			);
			runOnlyForDeploymentPostprocessing = 0;
		};
/* End PBXResourcesBuildPhase section */

/* Begin PBXSourcesBuildPhase section */
		84C3B5D92615FEFE0055539F /* Sources */ = {
			isa = PBXSourcesBuildPhase;
			buildActionMask = 2147483647;
			files = (
				84392BBE2617AC9700CE21D2 /* LocalDatabase.swift in Sources */,
				84C3B5FD261606AF0055539F /* MessagesPage.swift in Sources */,
				84C3B60D26160DC00055539F /* Event.swift in Sources */,
				84392BB42617693100CE21D2 /* EventItem.swift in Sources */,
				84C3B5F3261600190055539F /* TabsView.swift in Sources */,
				84C3B5F7261606360055539F /* EventsPage.swift in Sources */,
				84C3B62126164D240055539F /* EventCollapsedItem.swift in Sources */,
				84392BAD2617584F00CE21D2 /* RepositoryProtocol.swift in Sources */,
				84392BA726174F2A00CE21D2 /* WebApi.swift in Sources */,
				84C3B60926160D410055539F /* Repository.swift in Sources */,
				84C3B5E32615FEFE0055539F /* ContentView.swift in Sources */,
				84C3B601261607030055539F /* DepartmentPage.swift in Sources */,
				84392BB72617A19700CE21D2 /* GalleryItem.swift in Sources */,
				84392BAA2617582300CE21D2 /* RepositoryMock.swift in Sources */,
				84C3B5E12615FEFE0055539F /* ios_appApp.swift in Sources */,
				84392BB026175FF100CE21D2 /* EventExpandedItem.swift in Sources */,
				84C3B6052616072D0055539F /* TimelinePage.swift in Sources */,
			);
			runOnlyForDeploymentPostprocessing = 0;
		};
/* End PBXSourcesBuildPhase section */

/* Begin XCBuildConfiguration section */
		84C3B5EA2615FEFE0055539F /* Debug */ = {
			isa = XCBuildConfiguration;
			buildSettings = {
				ALWAYS_SEARCH_USER_PATHS = NO;
				CLANG_ANALYZER_NONNULL = YES;
				CLANG_ANALYZER_NUMBER_OBJECT_CONVERSION = YES_AGGRESSIVE;
				CLANG_CXX_LANGUAGE_STANDARD = "gnu++14";
				CLANG_CXX_LIBRARY = "libc++";
				CLANG_ENABLE_MODULES = YES;
				CLANG_ENABLE_OBJC_ARC = YES;
				CLANG_ENABLE_OBJC_WEAK = YES;
				CLANG_WARN_BLOCK_CAPTURE_AUTORELEASING = YES;
				CLANG_WARN_BOOL_CONVERSION = YES;
				CLANG_WARN_COMMA = YES;
				CLANG_WARN_CONSTANT_CONVERSION = YES;
				CLANG_WARN_DEPRECATED_OBJC_IMPLEMENTATIONS = YES;
				CLANG_WARN_DIRECT_OBJC_ISA_USAGE = YES_ERROR;
				CLANG_WARN_DOCUMENTATION_COMMENTS = YES;
				CLANG_WARN_EMPTY_BODY = YES;
				CLANG_WARN_ENUM_CONVERSION = YES;
				CLANG_WARN_INFINITE_RECURSION = YES;
				CLANG_WARN_INT_CONVERSION = YES;
				CLANG_WARN_NON_LITERAL_NULL_CONVERSION = YES;
				CLANG_WARN_OBJC_IMPLICIT_RETAIN_SELF = YES;
				CLANG_WARN_OBJC_LITERAL_CONVERSION = YES;
				CLANG_WARN_OBJC_ROOT_CLASS = YES_ERROR;
				CLANG_WARN_QUOTED_INCLUDE_IN_FRAMEWORK_HEADER = YES;
				CLANG_WARN_RANGE_LOOP_ANALYSIS = YES;
				CLANG_WARN_STRICT_PROTOTYPES = YES;
				CLANG_WARN_SUSPICIOUS_MOVE = YES;
				CLANG_WARN_UNGUARDED_AVAILABILITY = YES_AGGRESSIVE;
				CLANG_WARN_UNREACHABLE_CODE = YES;
				CLANG_WARN__DUPLICATE_METHOD_MATCH = YES;
				COPY_PHASE_STRIP = NO;
				DEBUG_INFORMATION_FORMAT = dwarf;
				ENABLE_STRICT_OBJC_MSGSEND = YES;
				ENABLE_TESTABILITY = YES;
				GCC_C_LANGUAGE_STANDARD = gnu11;
				GCC_DYNAMIC_NO_PIC = NO;
				GCC_NO_COMMON_BLOCKS = YES;
				GCC_OPTIMIZATION_LEVEL = 0;
				GCC_PREPROCESSOR_DEFINITIONS = (
					"DEBUG=1",
					"$(inherited)",
				);
				GCC_WARN_64_TO_32_BIT_CONVERSION = YES;
				GCC_WARN_ABOUT_RETURN_TYPE = YES_ERROR;
				GCC_WARN_UNDECLARED_SELECTOR = YES;
				GCC_WARN_UNINITIALIZED_AUTOS = YES_AGGRESSIVE;
				GCC_WARN_UNUSED_FUNCTION = YES;
				GCC_WARN_UNUSED_VARIABLE = YES;
				IPHONEOS_DEPLOYMENT_TARGET = 14.4;
				MTL_ENABLE_DEBUG_INFO = INCLUDE_SOURCE;
				MTL_FAST_MATH = YES;
				ONLY_ACTIVE_ARCH = YES;
				SDKROOT = iphoneos;
				SWIFT_ACTIVE_COMPILATION_CONDITIONS = DEBUG;
				SWIFT_OPTIMIZATION_LEVEL = "-Onone";
			};
			name = Debug;
		};
		84C3B5EB2615FEFE0055539F /* Release */ = {
			isa = XCBuildConfiguration;
			buildSettings = {
				ALWAYS_SEARCH_USER_PATHS = NO;
				CLANG_ANALYZER_NONNULL = YES;
				CLANG_ANALYZER_NUMBER_OBJECT_CONVERSION = YES_AGGRESSIVE;
				CLANG_CXX_LANGUAGE_STANDARD = "gnu++14";
				CLANG_CXX_LIBRARY = "libc++";
				CLANG_ENABLE_MODULES = YES;
				CLANG_ENABLE_OBJC_ARC = YES;
				CLANG_ENABLE_OBJC_WEAK = YES;
				CLANG_WARN_BLOCK_CAPTURE_AUTORELEASING = YES;
				CLANG_WARN_BOOL_CONVERSION = YES;
				CLANG_WARN_COMMA = YES;
				CLANG_WARN_CONSTANT_CONVERSION = YES;
				CLANG_WARN_DEPRECATED_OBJC_IMPLEMENTATIONS = YES;
				CLANG_WARN_DIRECT_OBJC_ISA_USAGE = YES_ERROR;
				CLANG_WARN_DOCUMENTATION_COMMENTS = YES;
				CLANG_WARN_EMPTY_BODY = YES;
				CLANG_WARN_ENUM_CONVERSION = YES;
				CLANG_WARN_INFINITE_RECURSION = YES;
				CLANG_WARN_INT_CONVERSION = YES;
				CLANG_WARN_NON_LITERAL_NULL_CONVERSION = YES;
				CLANG_WARN_OBJC_IMPLICIT_RETAIN_SELF = YES;
				CLANG_WARN_OBJC_LITERAL_CONVERSION = YES;
				CLANG_WARN_OBJC_ROOT_CLASS = YES_ERROR;
				CLANG_WARN_QUOTED_INCLUDE_IN_FRAMEWORK_HEADER = YES;
				CLANG_WARN_RANGE_LOOP_ANALYSIS = YES;
				CLANG_WARN_STRICT_PROTOTYPES = YES;
				CLANG_WARN_SUSPICIOUS_MOVE = YES;
				CLANG_WARN_UNGUARDED_AVAILABILITY = YES_AGGRESSIVE;
				CLANG_WARN_UNREACHABLE_CODE = YES;
				CLANG_WARN__DUPLICATE_METHOD_MATCH = YES;
				COPY_PHASE_STRIP = NO;
				DEBUG_INFORMATION_FORMAT = "dwarf-with-dsym";
				ENABLE_NS_ASSERTIONS = NO;
				ENABLE_STRICT_OBJC_MSGSEND = YES;
				GCC_C_LANGUAGE_STANDARD = gnu11;
				GCC_NO_COMMON_BLOCKS = YES;
				GCC_WARN_64_TO_32_BIT_CONVERSION = YES;
				GCC_WARN_ABOUT_RETURN_TYPE = YES_ERROR;
				GCC_WARN_UNDECLARED_SELECTOR = YES;
				GCC_WARN_UNINITIALIZED_AUTOS = YES_AGGRESSIVE;
				GCC_WARN_UNUSED_FUNCTION = YES;
				GCC_WARN_UNUSED_VARIABLE = YES;
				IPHONEOS_DEPLOYMENT_TARGET = 14.4;
				MTL_ENABLE_DEBUG_INFO = NO;
				MTL_FAST_MATH = YES;
				SDKROOT = iphoneos;
				SWIFT_COMPILATION_MODE = wholemodule;
				SWIFT_OPTIMIZATION_LEVEL = "-O";
				VALIDATE_PRODUCT = YES;
			};
			name = Release;
		};
		84C3B5ED2615FEFE0055539F /* Debug */ = {
			isa = XCBuildConfiguration;
			buildSettings = {
				ASSETCATALOG_COMPILER_APPICON_NAME = AppIcon;
				ASSETCATALOG_COMPILER_GLOBAL_ACCENT_COLOR_NAME = AccentColor;
				CODE_SIGN_STYLE = Automatic;
				DEVELOPMENT_ASSET_PATHS = "\"ios-app/Preview Content\"";
				DEVELOPMENT_TEAM = G4T3QSBX3F;
				ENABLE_PREVIEWS = YES;
				INFOPLIST_FILE = "ios-app/Info.plist";
				IPHONEOS_DEPLOYMENT_TARGET = 14.0;
				LD_RUNPATH_SEARCH_PATHS = (
					"$(inherited)",
					"@executable_path/Frameworks",
				);
				PRODUCT_BUNDLE_IDENTIFIER = "com.maruchin.ios-app";
				PRODUCT_NAME = "$(TARGET_NAME)";
				SWIFT_VERSION = 5.0;
				TARGETED_DEVICE_FAMILY = "1,2";
			};
			name = Debug;
		};
		84C3B5EE2615FEFE0055539F /* Release */ = {
			isa = XCBuildConfiguration;
			buildSettings = {
				ASSETCATALOG_COMPILER_APPICON_NAME = AppIcon;
				ASSETCATALOG_COMPILER_GLOBAL_ACCENT_COLOR_NAME = AccentColor;
				CODE_SIGN_STYLE = Automatic;
				DEVELOPMENT_ASSET_PATHS = "\"ios-app/Preview Content\"";
				DEVELOPMENT_TEAM = G4T3QSBX3F;
				ENABLE_PREVIEWS = YES;
				INFOPLIST_FILE = "ios-app/Info.plist";
				IPHONEOS_DEPLOYMENT_TARGET = 14.0;
				LD_RUNPATH_SEARCH_PATHS = (
					"$(inherited)",
					"@executable_path/Frameworks",
				);
				PRODUCT_BUNDLE_IDENTIFIER = "com.maruchin.ios-app";
				PRODUCT_NAME = "$(TARGET_NAME)";
				SWIFT_VERSION = 5.0;
				TARGETED_DEVICE_FAMILY = "1,2";
			};
			name = Release;
		};
/* End XCBuildConfiguration section */

/* Begin XCConfigurationList section */
		84C3B5D82615FEFE0055539F /* Build configuration list for PBXProject "ios-app" */ = {
			isa = XCConfigurationList;
			buildConfigurations = (
				84C3B5EA2615FEFE0055539F /* Debug */,
				84C3B5EB2615FEFE0055539F /* Release */,
			);
			defaultConfigurationIsVisible = 0;
			defaultConfigurationName = Release;
		};
		84C3B5EC2615FEFE0055539F /* Build configuration list for PBXNativeTarget "ios-app" */ = {
			isa = XCConfigurationList;
			buildConfigurations = (
				84C3B5ED2615FEFE0055539F /* Debug */,
				84C3B5EE2615FEFE0055539F /* Release */,
			);
			defaultConfigurationIsVisible = 0;
			defaultConfigurationName = Release;
		};
/* End XCConfigurationList section */

/* Begin XCRemoteSwiftPackageReference section */
		84392BC12617C23900CE21D2 /* XCRemoteSwiftPackageReference "SQLite.swift" */ = {
			isa = XCRemoteSwiftPackageReference;
			repositoryURL = "https://github.com/stephencelis/SQLite.swift.git";
			requirement = {
				kind = upToNextMajorVersion;
				minimumVersion = 0.12.2;
			};
		};
		84C3B616261623FE0055539F /* XCRemoteSwiftPackageReference "SDWebImageSwiftUI" */ = {
			isa = XCRemoteSwiftPackageReference;
			repositoryURL = "https://github.com/SDWebImage/SDWebImageSwiftUI";
			requirement = {
				kind = upToNextMajorVersion;
				minimumVersion = 2.0.2;
			};
		};
		84C3B61B261641220055539F /* XCRemoteSwiftPackageReference "url-image" */ = {
			isa = XCRemoteSwiftPackageReference;
			repositoryURL = "https://github.com/dmytro-anokhin/url-image";
			requirement = {
				kind = upToNextMajorVersion;
				minimumVersion = 2.2.3;
			};
		};
/* End XCRemoteSwiftPackageReference section */

/* Begin XCSwiftPackageProductDependency section */
		84392BC22617C23900CE21D2 /* SQLite */ = {
			isa = XCSwiftPackageProductDependency;
			package = 84392BC12617C23900CE21D2 /* XCRemoteSwiftPackageReference "SQLite.swift" */;
			productName = SQLite;
		};
		84C3B617261623FE0055539F /* SDWebImageSwiftUI */ = {
			isa = XCSwiftPackageProductDependency;
			package = 84C3B616261623FE0055539F /* XCRemoteSwiftPackageReference "SDWebImageSwiftUI" */;
			productName = SDWebImageSwiftUI;
		};
		84C3B61C261641220055539F /* URLImage */ = {
			isa = XCSwiftPackageProductDependency;
			package = 84C3B61B261641220055539F /* XCRemoteSwiftPackageReference "url-image" */;
			productName = URLImage;
		};
/* End XCSwiftPackageProductDependency section */
	};
	rootObject = 84C3B5D52615FEFE0055539F /* Project object */;
}
